{
  "version": 4,
  "terraform_version": "0.13.5",
  "serial": 1009,
  "lineage": "a4c5099b-dfb7-92fe-c8ea-836af38fff7f",
  "outputs": {
    "Application_LB_DNS": {
      "value": "hawordpress-284148609.us-east-1.elb.amazonaws.com",
      "type": "string"
    },
    "EFS_Mount_target": {
      "value": "fs-894cec7c.efs.us-east-1.amazonaws.com",
      "type": "string"
    },
    "RDS_Endpoint": {
      "value": "hawordpressdb.c0psfjty63v1.us-east-1.rds.amazonaws.com",
      "type": "string"
    }
  },
  "resources": [
    {
      "mode": "managed",
      "type": "aws_autoscaling_group",
      "name": "hamasterasg",
      "provider": "provider[\"registry.terraform.io/hashicorp/aws\"]",
      "instances": [
        {
          "schema_version": 0,
          "attributes": {
            "arn": "arn:aws:autoscaling:us-east-1:060377381042:autoScalingGroup:4ffef718-9769-4c57-ac40-808c197dd6f6:autoScalingGroupName/ha_wp_master_asg",
            "availability_zones": [
              "us-east-1a"
            ],
            "default_cooldown": 300,
            "desired_capacity": 1,
            "enabled_metrics": null,
            "force_delete": false,
            "health_check_grace_period": 300,
            "health_check_type": "EC2",
            "id": "ha_wp_master_asg",
            "initial_lifecycle_hook": [],
            "launch_configuration": "ha_wp_master",
            "launch_template": [],
            "load_balancers": null,
            "max_instance_lifetime": 0,
            "max_size": 1,
            "metrics_granularity": "1Minute",
            "min_elb_capacity": null,
            "min_size": 1,
            "mixed_instances_policy": [],
            "name": "ha_wp_master_asg",
            "name_prefix": null,
            "placement_group": "",
            "protect_from_scale_in": false,
            "service_linked_role_arn": "arn:aws:iam::060377381042:role/aws-service-role/autoscaling.amazonaws.com/AWSServiceRoleForAutoScaling",
            "suspended_processes": null,
            "tag": [
              {
                "key": "Name",
                "propagate_at_launch": true,
                "value": "WordpressMaster"
              }
            ],
            "tags": null,
            "target_group_arns": [
              "arn:aws:elasticloadbalancing:us-east-1:060377381042:targetgroup/hawpmaster/9d7aad1ef5734132"
            ],
            "termination_policies": null,
            "timeouts": null,
            "vpc_zone_identifier": [
              "subnet-0425b3d2a3a9a0c4e"
            ],
            "wait_for_capacity_timeout": "10m",
            "wait_for_elb_capacity": null
          },
          "private": "eyJlMmJmYjczMC1lY2FhLTExZTYtOGY4OC0zNDM2M2JjN2M0YzAiOnsiZGVsZXRlIjo2MDAwMDAwMDAwMDB9fQ==",
          "dependencies": [
            "aws_efs_file_system.ha_wp_efs",
            "aws_efs_mount_target.wp_efs",
            "aws_iam_instance_profile.s3_role",
            "aws_iam_role.ha_wp_role",
            "aws_launch_configuration.hamaster",
            "aws_lb_target_group.hawpmaster",
            "aws_security_group.ha_wp_bastion",
            "aws_security_group.ha_wp_efs",
            "aws_security_group.ha_wp_site",
            "aws_subnet.ha_wp_pub1",
            "aws_vpc.hawp",
            "random_shuffle.ha_sub_pub"
          ],
          "create_before_destroy": true
        }
      ]
    },
    {
      "mode": "managed",
      "type": "aws_autoscaling_group",
      "name": "haslaveasg",
      "provider": "provider[\"registry.terraform.io/hashicorp/aws\"]",
      "instances": [
        {
          "schema_version": 0,
          "attributes": {
            "arn": "arn:aws:autoscaling:us-east-1:060377381042:autoScalingGroup:1e9cff80-efb3-4195-8a0c-dfa06ec16751:autoScalingGroupName/ha_wp_slave_asg",
            "availability_zones": [
              "us-east-1a"
            ],
            "default_cooldown": 300,
            "desired_capacity": 1,
            "enabled_metrics": null,
            "force_delete": false,
            "health_check_grace_period": 300,
            "health_check_type": "EC2",
            "id": "ha_wp_slave_asg",
            "initial_lifecycle_hook": [],
            "launch_configuration": "ha_wp_slave",
            "launch_template": [],
            "load_balancers": null,
            "max_instance_lifetime": 0,
            "max_size": 1,
            "metrics_granularity": "1Minute",
            "min_elb_capacity": null,
            "min_size": 1,
            "mixed_instances_policy": [],
            "name": "ha_wp_slave_asg",
            "name_prefix": null,
            "placement_group": "",
            "protect_from_scale_in": false,
            "service_linked_role_arn": "arn:aws:iam::060377381042:role/aws-service-role/autoscaling.amazonaws.com/AWSServiceRoleForAutoScaling",
            "suspended_processes": null,
            "tag": [
              {
                "key": "Name",
                "propagate_at_launch": true,
                "value": "WordpressSlave"
              }
            ],
            "tags": null,
            "target_group_arns": [
              "arn:aws:elasticloadbalancing:us-east-1:060377381042:targetgroup/hawpslave/b34a001973fe5a3a"
            ],
            "termination_policies": null,
            "timeouts": null,
            "vpc_zone_identifier": [
              "subnet-0425b3d2a3a9a0c4e"
            ],
            "wait_for_capacity_timeout": "10m",
            "wait_for_elb_capacity": null
          },
          "private": "eyJlMmJmYjczMC1lY2FhLTExZTYtOGY4OC0zNDM2M2JjN2M0YzAiOnsiZGVsZXRlIjo2MDAwMDAwMDAwMDB9fQ==",
          "dependencies": [
            "aws_launch_configuration.haslave",
            "aws_lb_target_group.hawpslave",
            "aws_security_group.ha_wp_bastion",
            "aws_security_group.ha_wp_site",
            "aws_subnet.ha_wp_pub1",
            "aws_vpc.hawp"
          ],
          "create_before_destroy": true
        }
      ]
    },
    {
      "mode": "managed",
      "type": "aws_db_instance",
      "name": "ha_wordpress_db",
      "provider": "provider[\"registry.terraform.io/hashicorp/aws\"]",
      "instances": [
        {
          "schema_version": 1,
          "attributes": {
            "address": "hawordpressdb.c0psfjty63v1.us-east-1.rds.amazonaws.com",
            "allocated_storage": 20,
            "allow_major_version_upgrade": null,
            "apply_immediately": null,
            "arn": "arn:aws:rds:us-east-1:060377381042:db:hawordpressdb",
            "auto_minor_version_upgrade": true,
            "availability_zone": "us-east-1f",
            "backup_retention_period": 1,
            "backup_window": "03:11-03:41",
            "ca_cert_identifier": "rds-ca-2019",
            "character_set_name": null,
            "copy_tags_to_snapshot": false,
            "db_subnet_group_name": "main",
            "delete_automated_backups": true,
            "deletion_protection": false,
            "domain": "",
            "domain_iam_role_name": "",
            "enabled_cloudwatch_logs_exports": null,
            "endpoint": "hawordpressdb.c0psfjty63v1.us-east-1.rds.amazonaws.com:3306",
            "engine": "mysql",
            "engine_version": "8.0.21",
            "final_snapshot_identifier": null,
            "hosted_zone_id": "Z2R2ITUGPM61AM",
            "iam_database_authentication_enabled": false,
            "id": "hawordpressdb",
            "identifier": "hawordpressdb",
            "identifier_prefix": null,
            "instance_class": "db.t2.micro",
            "iops": 0,
            "kms_key_id": "",
            "license_model": "general-public-license",
            "maintenance_window": "sat:06:58-sat:07:28",
            "max_allocated_storage": 0,
            "monitoring_interval": 0,
            "monitoring_role_arn": "",
            "multi_az": false,
            "name": "wordpress",
            "option_group_name": "default:mysql-8-0",
            "parameter_group_name": "default.mysql8.0",
            "password": "admin123",
            "performance_insights_enabled": false,
            "performance_insights_kms_key_id": "",
            "performance_insights_retention_period": 0,
            "port": 3306,
            "publicly_accessible": false,
            "replicas": [],
            "replicate_source_db": "",
            "resource_id": "db-C3DV3T66VDPI3VMH6D5B3WY27U",
            "s3_import": [],
            "security_group_names": null,
            "skip_final_snapshot": true,
            "snapshot_identifier": null,
            "status": "available",
            "storage_encrypted": false,
            "storage_type": "gp2",
            "tags": null,
            "timeouts": null,
            "timezone": "",
            "username": "root",
            "vpc_security_group_ids": [
              "sg-0bed59e8f1fd9d93d"
            ]
          },
          "private": "eyJlMmJmYjczMC1lY2FhLTExZTYtOGY4OC0zNDM2M2JjN2M0YzAiOnsiY3JlYXRlIjoyNDAwMDAwMDAwMDAwLCJkZWxldGUiOjM2MDAwMDAwMDAwMDAsInVwZGF0ZSI6NDgwMDAwMDAwMDAwMH0sInNjaGVtYV92ZXJzaW9uIjoiMSJ9",
          "dependencies": [
            "aws_db_subnet_group.private",
            "aws_security_group.ha_wp_bastion",
            "aws_security_group.ha_wp_db",
            "aws_security_group.ha_wp_site",
            "aws_subnet.ha_wp_priv1",
            "aws_subnet.ha_wp_priv2",
            "aws_subnet.ha_wp_priv3",
            "aws_vpc.hawp",
            "random_shuffle.ha_az"
          ]
        }
      ]
    },
    {
      "mode": "managed",
      "type": "aws_db_subnet_group",
      "name": "private",
      "provider": "provider[\"registry.terraform.io/hashicorp/aws\"]",
      "instances": [
        {
          "schema_version": 0,
          "attributes": {
            "arn": "arn:aws:rds:us-east-1:060377381042:subgrp:main",
            "description": "Managed by Terraform",
            "id": "main",
            "name": "main",
            "name_prefix": null,
            "subnet_ids": [
              "subnet-035a8ffcb7223c255",
              "subnet-038953b690aab0708",
              "subnet-0ca916868b05ff144"
            ],
            "tags": {
              "Name": "My DB subnet group"
            }
          },
          "private": "bnVsbA==",
          "dependencies": [
            "aws_subnet.ha_wp_priv1",
            "aws_subnet.ha_wp_priv2",
            "aws_subnet.ha_wp_priv3",
            "aws_vpc.hawp"
          ]
        }
      ]
    },
    {
      "mode": "managed",
      "type": "aws_efs_file_system",
      "name": "ha_wp_efs",
      "provider": "provider[\"registry.terraform.io/hashicorp/aws\"]",
      "instances": [
        {
          "schema_version": 0,
          "attributes": {
            "arn": "arn:aws:elasticfilesystem:us-east-1:060377381042:file-system/fs-894cec7c",
            "creation_token": "fs-hawpefs",
            "dns_name": "fs-894cec7c.efs.us-east-1.amazonaws.com",
            "encrypted": false,
            "id": "fs-894cec7c",
            "kms_key_id": "",
            "lifecycle_policy": [],
            "performance_mode": "generalPurpose",
            "provisioned_throughput_in_mibps": 0,
            "tags": {
              "Name": "ha_wp_efs"
            },
            "throughput_mode": "bursting"
          },
          "private": "bnVsbA==",
          "create_before_destroy": true
        }
      ]
    },
    {
      "mode": "managed",
      "type": "aws_efs_mount_target",
      "name": "wp_efs",
      "provider": "provider[\"registry.terraform.io/hashicorp/aws\"]",
      "instances": [
        {
          "schema_version": 0,
          "attributes": {
            "availability_zone_id": "use1-az1",
            "availability_zone_name": "us-east-1a",
            "dns_name": "fs-894cec7c.efs.us-east-1.amazonaws.com",
            "file_system_arn": "arn:aws:elasticfilesystem:us-east-1:060377381042:file-system/fs-894cec7c",
            "file_system_id": "fs-894cec7c",
            "id": "fsmt-3e8445cb",
            "ip_address": "172.16.33.125",
            "mount_target_dns_name": "us-east-1a.fs-894cec7c.efs.us-east-1.amazonaws.com",
            "network_interface_id": "eni-0796ef98c32b9f442",
            "owner_id": "060377381042",
            "security_groups": [
              "sg-07ca2dbd927215a71"
            ],
            "subnet_id": "subnet-0425b3d2a3a9a0c4e"
          },
          "private": "bnVsbA==",
          "dependencies": [
            "aws_efs_file_system.ha_wp_efs",
            "aws_security_group.ha_wp_bastion",
            "aws_security_group.ha_wp_efs",
            "aws_subnet.ha_wp_pub1",
            "aws_vpc.hawp",
            "random_shuffle.ha_sub_pub"
          ],
          "create_before_destroy": true
        }
      ]
    },
    {
      "mode": "managed",
      "type": "aws_iam_instance_profile",
      "name": "s3_role",
      "provider": "provider[\"registry.terraform.io/hashicorp/aws\"]",
      "instances": [
        {
          "schema_version": 0,
          "attributes": {
            "arn": "arn:aws:iam::060377381042:instance-profile/s3_profile",
            "create_date": "2020-11-14T16:35:10Z",
            "id": "s3_profile",
            "name": "s3_profile",
            "name_prefix": null,
            "path": "/",
            "role": "ha_wp_role",
            "unique_id": "AIPAQ4DWFXCZF7QUNUG5R"
          },
          "private": "bnVsbA==",
          "dependencies": [
            "aws_iam_role.ha_wp_role"
          ],
          "create_before_destroy": true
        }
      ]
    },
    {
      "mode": "managed",
      "type": "aws_iam_policy",
      "name": "iampolicy",
      "provider": "provider[\"registry.terraform.io/hashicorp/aws\"]",
      "instances": [
        {
          "schema_version": 0,
          "attributes": {
            "arn": "arn:aws:iam::060377381042:policy/s3_bucket_policy",
            "description": "A s3 policy",
            "id": "arn:aws:iam::060377381042:policy/s3_bucket_policy",
            "name": "s3_bucket_policy",
            "name_prefix": null,
            "path": "/",
            "policy": "{\n    \"Version\": \"2012-10-17\",\n    \"Statement\": [\n        {\n            \"Effect\": \"Allow\",\n            \"Action\": \"s3:*\",\n            \"Resource\": [\n                \"arn:aws:s3:::roshanjoseph.ml\",\n                \"arn:aws:s3:::roshanjoseph.ml/*\"\n            ]\n\t}\n    ]\n}\n"
          },
          "private": "bnVsbA=="
        }
      ]
    },
    {
      "mode": "managed",
      "type": "aws_iam_role",
      "name": "ha_wp_role",
      "provider": "provider[\"registry.terraform.io/hashicorp/aws\"]",
      "instances": [
        {
          "schema_version": 0,
          "attributes": {
            "arn": "arn:aws:iam::060377381042:role/ha_wp_role",
            "assume_role_policy": "{\"Version\":\"2012-10-17\",\"Statement\":[{\"Sid\":\"\",\"Effect\":\"Allow\",\"Principal\":{\"Service\":\"s3.amazonaws.com\"},\"Action\":\"sts:AssumeRole\"}]}",
            "create_date": "2020-11-14T16:35:09Z",
            "description": "",
            "force_detach_policies": false,
            "id": "ha_wp_role",
            "max_session_duration": 3600,
            "name": "ha_wp_role",
            "name_prefix": null,
            "path": "/",
            "permissions_boundary": null,
            "tags": {
              "tag-key": "tag-value"
            },
            "unique_id": "AROAQ4DWFXCZHW7MCZQVR"
          },
          "private": "bnVsbA==",
          "create_before_destroy": true
        }
      ]
    },
    {
      "mode": "managed",
      "type": "aws_iam_role_policy_attachment",
      "name": "iam-attach",
      "provider": "provider[\"registry.terraform.io/hashicorp/aws\"]",
      "instances": [
        {
          "schema_version": 0,
          "attributes": {
            "id": "ha_wp_role-20201114163511208900000001",
            "policy_arn": "arn:aws:iam::060377381042:policy/s3_bucket_policy",
            "role": "ha_wp_role"
          },
          "private": "bnVsbA==",
          "dependencies": [
            "aws_iam_policy.iampolicy",
            "aws_iam_role.ha_wp_role"
          ]
        }
      ]
    },
    {
      "mode": "managed",
      "type": "aws_instance",
      "name": "bastionserver",
      "provider": "provider[\"registry.terraform.io/hashicorp/aws\"]",
      "instances": [
        {
          "schema_version": 1,
          "attributes": {
            "ami": "ami-0dba2cb6798deb6d8",
            "arn": "arn:aws:ec2:us-east-1:060377381042:instance/i-0d74d1d1d20611703",
            "associate_public_ip_address": true,
            "availability_zone": "us-east-1a",
            "cpu_core_count": 1,
            "cpu_threads_per_core": 1,
            "credit_specification": [
              {
                "cpu_credits": "standard"
              }
            ],
            "disable_api_termination": false,
            "ebs_block_device": [],
            "ebs_optimized": false,
            "ephemeral_block_device": [],
            "get_password_data": false,
            "hibernation": false,
            "host_id": null,
            "iam_instance_profile": "",
            "id": "i-0d74d1d1d20611703",
            "instance_initiated_shutdown_behavior": null,
            "instance_state": "running",
            "instance_type": "t2.micro",
            "ipv6_address_count": 0,
            "ipv6_addresses": [],
            "key_name": "project",
            "metadata_options": [
              {
                "http_endpoint": "enabled",
                "http_put_response_hop_limit": 1,
                "http_tokens": "optional"
              }
            ],
            "monitoring": false,
            "network_interface": [],
            "outpost_arn": "",
            "password_data": "",
            "placement_group": "",
            "primary_network_interface_id": "eni-07326a0c2867496f0",
            "private_dns": "ip-172-16-39-161.ec2.internal",
            "private_ip": "172.16.39.161",
            "public_dns": "ec2-3-237-62-239.compute-1.amazonaws.com",
            "public_ip": "3.237.62.239",
            "root_block_device": [
              {
                "delete_on_termination": true,
                "device_name": "/dev/sda1",
                "encrypted": false,
                "iops": 100,
                "kms_key_id": "",
                "volume_id": "vol-00f1420055fc49630",
                "volume_size": 8,
                "volume_type": "gp2"
              }
            ],
            "secondary_private_ips": [],
            "security_groups": [],
            "source_dest_check": true,
            "subnet_id": "subnet-0425b3d2a3a9a0c4e",
            "tags": {
              "Name": "Bastion"
            },
            "tenancy": "default",
            "timeouts": null,
            "user_data": null,
            "user_data_base64": null,
            "volume_tags": {},
            "vpc_security_group_ids": [
              "sg-05dc1411dcb50a740"
            ]
          },
          "private": "eyJlMmJmYjczMC1lY2FhLTExZTYtOGY4OC0zNDM2M2JjN2M0YzAiOnsiY3JlYXRlIjo2MDAwMDAwMDAwMDAsImRlbGV0ZSI6MTIwMDAwMDAwMDAwMCwidXBkYXRlIjo2MDAwMDAwMDAwMDB9LCJzY2hlbWFfdmVyc2lvbiI6IjEifQ==",
          "dependencies": [
            "aws_security_group.ha_wp_bastion",
            "aws_subnet.ha_wp_pub1",
            "aws_vpc.hawp",
            "random_shuffle.ha_sub_pub"
          ]
        }
      ]
    },
    {
      "mode": "managed",
      "type": "aws_internet_gateway",
      "name": "gw",
      "provider": "provider[\"registry.terraform.io/hashicorp/aws\"]",
      "instances": [
        {
          "schema_version": 0,
          "attributes": {
            "arn": "arn:aws:ec2:us-east-1:060377381042:internet-gateway/igw-0f92533d7155e97c0",
            "id": "igw-0f92533d7155e97c0",
            "owner_id": "060377381042",
            "tags": {
              "Name": "ha_wp_igw"
            },
            "vpc_id": "vpc-075b39eab39fc4cb5"
          },
          "private": "bnVsbA==",
          "dependencies": [
            "aws_vpc.hawp"
          ]
        }
      ]
    },
    {
      "mode": "managed",
      "type": "aws_launch_configuration",
      "name": "hamaster",
      "provider": "provider[\"registry.terraform.io/hashicorp/aws\"]",
      "instances": [
        {
          "schema_version": 0,
          "attributes": {
            "arn": "arn:aws:autoscaling:us-east-1:060377381042:launchConfiguration:d444c85a-0227-4a8d-a1ed-6dab8c75752f:launchConfigurationName/ha_wp_master",
            "associate_public_ip_address": false,
            "ebs_block_device": [],
            "ebs_optimized": false,
            "enable_monitoring": true,
            "ephemeral_block_device": [],
            "iam_instance_profile": "s3_profile",
            "id": "ha_wp_master",
            "image_id": "ami-0dba2cb6798deb6d8",
            "instance_type": "t2.micro",
            "key_name": "project",
            "name": "ha_wp_master",
            "name_prefix": null,
            "placement_tenancy": null,
            "root_block_device": [],
            "security_groups": [
              "sg-08ae1ac03b168b4cd"
            ],
            "spot_price": "",
            "user_data": "0cb55f9408fa85f3c7275a59acaaf1354eaefd25",
            "user_data_base64": null,
            "vpc_classic_link_id": "",
            "vpc_classic_link_security_groups": null
          },
          "private": "bnVsbA==",
          "dependencies": [
            "aws_efs_file_system.ha_wp_efs",
            "aws_efs_mount_target.wp_efs",
            "aws_iam_instance_profile.s3_role",
            "aws_iam_role.ha_wp_role",
            "aws_security_group.ha_wp_bastion",
            "aws_security_group.ha_wp_efs",
            "aws_security_group.ha_wp_site",
            "aws_subnet.ha_wp_pub1",
            "aws_vpc.hawp",
            "random_shuffle.ha_sub_pub"
          ],
          "create_before_destroy": true
        }
      ]
    },
    {
      "mode": "managed",
      "type": "aws_launch_configuration",
      "name": "haslave",
      "provider": "provider[\"registry.terraform.io/hashicorp/aws\"]",
      "instances": [
        {
          "schema_version": 0,
          "attributes": {
            "arn": "arn:aws:autoscaling:us-east-1:060377381042:launchConfiguration:2e3ca804-0790-4ec1-9304-8e3081514cbc:launchConfigurationName/ha_wp_slave",
            "associate_public_ip_address": false,
            "ebs_block_device": [],
            "ebs_optimized": false,
            "enable_monitoring": true,
            "ephemeral_block_device": [],
            "iam_instance_profile": "",
            "id": "ha_wp_slave",
            "image_id": "ami-0dba2cb6798deb6d8",
            "instance_type": "t2.micro",
            "key_name": "project",
            "name": "ha_wp_slave",
            "name_prefix": null,
            "placement_tenancy": null,
            "root_block_device": [],
            "security_groups": [
              "sg-08ae1ac03b168b4cd"
            ],
            "spot_price": "",
            "user_data": "a2fdd5d7f36b672b7651b30b14b46da506136a76",
            "user_data_base64": null,
            "vpc_classic_link_id": "",
            "vpc_classic_link_security_groups": null
          },
          "private": "bnVsbA==",
          "dependencies": [
            "aws_security_group.ha_wp_bastion",
            "aws_security_group.ha_wp_site",
            "aws_vpc.hawp"
          ],
          "create_before_destroy": true
        }
      ]
    },
    {
      "mode": "managed",
      "type": "aws_lb",
      "name": "hawordpress",
      "provider": "provider[\"registry.terraform.io/hashicorp/aws\"]",
      "instances": [
        {
          "schema_version": 0,
          "attributes": {
            "access_logs": [
              {
                "bucket": "",
                "enabled": false,
                "prefix": ""
              }
            ],
            "arn": "arn:aws:elasticloadbalancing:us-east-1:060377381042:loadbalancer/app/hawordpress/22d9d77c95c02594",
            "arn_suffix": "app/hawordpress/22d9d77c95c02594",
            "customer_owned_ipv4_pool": "",
            "dns_name": "hawordpress-284148609.us-east-1.elb.amazonaws.com",
            "drop_invalid_header_fields": false,
            "enable_cross_zone_load_balancing": null,
            "enable_deletion_protection": false,
            "enable_http2": true,
            "id": "arn:aws:elasticloadbalancing:us-east-1:060377381042:loadbalancer/app/hawordpress/22d9d77c95c02594",
            "idle_timeout": 60,
            "internal": false,
            "ip_address_type": "ipv4",
            "load_balancer_type": "application",
            "name": "hawordpress",
            "name_prefix": null,
            "security_groups": [
              "sg-08ae1ac03b168b4cd"
            ],
            "subnet_mapping": [
              {
                "allocation_id": "",
                "outpost_id": "",
                "private_ipv4_address": "",
                "subnet_id": "subnet-03209511b13e03db5"
              },
              {
                "allocation_id": "",
                "outpost_id": "",
                "private_ipv4_address": "",
                "subnet_id": "subnet-0425b3d2a3a9a0c4e"
              },
              {
                "allocation_id": "",
                "outpost_id": "",
                "private_ipv4_address": "",
                "subnet_id": "subnet-0861e15df746d7dfe"
              }
            ],
            "subnets": [
              "subnet-03209511b13e03db5",
              "subnet-0425b3d2a3a9a0c4e",
              "subnet-0861e15df746d7dfe"
            ],
            "tags": {
              "Environment": "production"
            },
            "timeouts": null,
            "vpc_id": "vpc-075b39eab39fc4cb5",
            "zone_id": "Z35SXDOTRQ7X7K"
          },
          "private": "eyJlMmJmYjczMC1lY2FhLTExZTYtOGY4OC0zNDM2M2JjN2M0YzAiOnsiY3JlYXRlIjo2MDAwMDAwMDAwMDAsImRlbGV0ZSI6NjAwMDAwMDAwMDAwLCJ1cGRhdGUiOjYwMDAwMDAwMDAwMH19",
          "dependencies": [
            "aws_security_group.ha_wp_bastion",
            "aws_security_group.ha_wp_site",
            "aws_subnet.ha_wp_pub1",
            "aws_subnet.ha_wp_pub2",
            "aws_subnet.ha_wp_pub3",
            "aws_vpc.hawp"
          ]
        }
      ]
    },
    {
      "mode": "managed",
      "type": "aws_lb_listener",
      "name": "hawpslave01",
      "provider": "provider[\"registry.terraform.io/hashicorp/aws\"]",
      "instances": [
        {
          "schema_version": 0,
          "attributes": {
            "arn": "arn:aws:elasticloadbalancing:us-east-1:060377381042:listener/app/hawordpress/22d9d77c95c02594/b88aefcfc45190d3",
            "certificate_arn": null,
            "default_action": [
              {
                "authenticate_cognito": [],
                "authenticate_oidc": [],
                "fixed_response": [],
                "forward": [],
                "order": 1,
                "redirect": [],
                "target_group_arn": "arn:aws:elasticloadbalancing:us-east-1:060377381042:targetgroup/hawpslave/b34a001973fe5a3a",
                "type": "forward"
              }
            ],
            "id": "arn:aws:elasticloadbalancing:us-east-1:060377381042:listener/app/hawordpress/22d9d77c95c02594/b88aefcfc45190d3",
            "load_balancer_arn": "arn:aws:elasticloadbalancing:us-east-1:060377381042:loadbalancer/app/hawordpress/22d9d77c95c02594",
            "port": 80,
            "protocol": "HTTP",
            "ssl_policy": "",
            "timeouts": null
          },
          "private": "eyJlMmJmYjczMC1lY2FhLTExZTYtOGY4OC0zNDM2M2JjN2M0YzAiOnsicmVhZCI6NjAwMDAwMDAwMDAwfX0=",
          "dependencies": [
            "aws_lb.hawordpress",
            "aws_lb_target_group.hawpslave",
            "aws_security_group.ha_wp_bastion",
            "aws_security_group.ha_wp_site",
            "aws_subnet.ha_wp_pub1",
            "aws_subnet.ha_wp_pub2",
            "aws_subnet.ha_wp_pub3",
            "aws_vpc.hawp"
          ]
        }
      ]
    },
    {
      "mode": "managed",
      "type": "aws_lb_listener_rule",
      "name": "master",
      "provider": "provider[\"registry.terraform.io/hashicorp/aws\"]",
      "instances": [
        {
          "schema_version": 0,
          "attributes": {
            "action": [
              {
                "authenticate_cognito": [],
                "authenticate_oidc": [],
                "fixed_response": [],
                "forward": [],
                "order": 1,
                "redirect": [],
                "target_group_arn": "arn:aws:elasticloadbalancing:us-east-1:060377381042:targetgroup/hawpmaster/9d7aad1ef5734132",
                "type": "forward"
              }
            ],
            "arn": "arn:aws:elasticloadbalancing:us-east-1:060377381042:listener-rule/app/hawordpress/22d9d77c95c02594/b88aefcfc45190d3/7d25763d0a68178b",
            "condition": [
              {
                "host_header": [],
                "http_header": [],
                "http_request_method": [],
                "path_pattern": [
                  {
                    "values": [
                      "/wp-admin/*",
                      "/wp-login.php"
                    ]
                  }
                ],
                "query_string": [],
                "source_ip": []
              }
            ],
            "id": "arn:aws:elasticloadbalancing:us-east-1:060377381042:listener-rule/app/hawordpress/22d9d77c95c02594/b88aefcfc45190d3/7d25763d0a68178b",
            "listener_arn": "arn:aws:elasticloadbalancing:us-east-1:060377381042:listener/app/hawordpress/22d9d77c95c02594/b88aefcfc45190d3",
            "priority": 2
          },
          "private": "bnVsbA==",
          "dependencies": [
            "aws_lb.hawordpress",
            "aws_lb_listener.hawpslave01",
            "aws_lb_target_group.hawpmaster",
            "aws_lb_target_group.hawpslave",
            "aws_security_group.ha_wp_bastion",
            "aws_security_group.ha_wp_site",
            "aws_subnet.ha_wp_pub1",
            "aws_subnet.ha_wp_pub2",
            "aws_subnet.ha_wp_pub3",
            "aws_vpc.hawp"
          ]
        }
      ]
    },
    {
      "mode": "managed",
      "type": "aws_lb_target_group",
      "name": "hawpmaster",
      "provider": "provider[\"registry.terraform.io/hashicorp/aws\"]",
      "instances": [
        {
          "schema_version": 0,
          "attributes": {
            "arn": "arn:aws:elasticloadbalancing:us-east-1:060377381042:targetgroup/hawpmaster/9d7aad1ef5734132",
            "arn_suffix": "targetgroup/hawpmaster/9d7aad1ef5734132",
            "deregistration_delay": 300,
            "health_check": [
              {
                "enabled": true,
                "healthy_threshold": 2,
                "interval": 30,
                "matcher": "200",
                "path": "/wp-admin/healthcheck.html",
                "port": "80",
                "protocol": "HTTP",
                "timeout": 5,
                "unhealthy_threshold": 2
              }
            ],
            "id": "arn:aws:elasticloadbalancing:us-east-1:060377381042:targetgroup/hawpmaster/9d7aad1ef5734132",
            "lambda_multi_value_headers_enabled": false,
            "load_balancing_algorithm_type": "round_robin",
            "name": "hawpmaster",
            "name_prefix": null,
            "port": 80,
            "protocol": "HTTP",
            "proxy_protocol_v2": false,
            "slow_start": 0,
            "stickiness": [
              {
                "cookie_duration": 86400,
                "enabled": false,
                "type": "lb_cookie"
              }
            ],
            "tags": null,
            "target_type": "instance",
            "vpc_id": "vpc-075b39eab39fc4cb5"
          },
          "private": "bnVsbA==",
          "dependencies": [
            "aws_vpc.hawp"
          ],
          "create_before_destroy": true
        }
      ]
    },
    {
      "mode": "managed",
      "type": "aws_lb_target_group",
      "name": "hawpslave",
      "provider": "provider[\"registry.terraform.io/hashicorp/aws\"]",
      "instances": [
        {
          "schema_version": 0,
          "attributes": {
            "arn": "arn:aws:elasticloadbalancing:us-east-1:060377381042:targetgroup/hawpslave/b34a001973fe5a3a",
            "arn_suffix": "targetgroup/hawpslave/b34a001973fe5a3a",
            "deregistration_delay": 300,
            "health_check": [
              {
                "enabled": true,
                "healthy_threshold": 2,
                "interval": 30,
                "matcher": "200",
                "path": "/healthcheck.html",
                "port": "80",
                "protocol": "HTTP",
                "timeout": 5,
                "unhealthy_threshold": 2
              }
            ],
            "id": "arn:aws:elasticloadbalancing:us-east-1:060377381042:targetgroup/hawpslave/b34a001973fe5a3a",
            "lambda_multi_value_headers_enabled": false,
            "load_balancing_algorithm_type": "round_robin",
            "name": "hawpslave",
            "name_prefix": null,
            "port": 80,
            "protocol": "HTTP",
            "proxy_protocol_v2": false,
            "slow_start": 0,
            "stickiness": [
              {
                "cookie_duration": 86400,
                "enabled": false,
                "type": "lb_cookie"
              }
            ],
            "tags": null,
            "target_type": "instance",
            "vpc_id": "vpc-075b39eab39fc4cb5"
          },
          "private": "bnVsbA==",
          "dependencies": [
            "aws_vpc.hawp"
          ],
          "create_before_destroy": true
        }
      ]
    },
    {
      "mode": "managed",
      "type": "aws_route_table",
      "name": "ha_rtb_priv",
      "provider": "provider[\"registry.terraform.io/hashicorp/aws\"]",
      "instances": [
        {
          "schema_version": 0,
          "attributes": {
            "id": "rtb-0ddae57871041dacd",
            "owner_id": "060377381042",
            "propagating_vgws": [],
            "route": [],
            "tags": {
              "Name": "ha_rtb_priv"
            },
            "vpc_id": "vpc-075b39eab39fc4cb5"
          },
          "private": "bnVsbA==",
          "dependencies": [
            "aws_vpc.hawp"
          ]
        }
      ]
    },
    {
      "mode": "managed",
      "type": "aws_route_table",
      "name": "ha_rtb_pub",
      "provider": "provider[\"registry.terraform.io/hashicorp/aws\"]",
      "instances": [
        {
          "schema_version": 0,
          "attributes": {
            "id": "rtb-0df9b0e62a2d4bab6",
            "owner_id": "060377381042",
            "propagating_vgws": [],
            "route": [
              {
                "cidr_block": "0.0.0.0/0",
                "egress_only_gateway_id": "",
                "gateway_id": "igw-0f92533d7155e97c0",
                "instance_id": "",
                "ipv6_cidr_block": "",
                "local_gateway_id": "",
                "nat_gateway_id": "",
                "network_interface_id": "",
                "transit_gateway_id": "",
                "vpc_peering_connection_id": ""
              }
            ],
            "tags": {
              "Name": "ha_rtb_pub"
            },
            "vpc_id": "vpc-075b39eab39fc4cb5"
          },
          "private": "bnVsbA==",
          "dependencies": [
            "aws_internet_gateway.gw",
            "aws_vpc.hawp"
          ]
        }
      ]
    },
    {
      "mode": "managed",
      "type": "aws_route_table_association",
      "name": "rtb_sub_priv",
      "provider": "provider[\"registry.terraform.io/hashicorp/aws\"]",
      "instances": [
        {
          "schema_version": 0,
          "attributes": {
            "gateway_id": null,
            "id": "rtbassoc-09ddbd57b45da64a9",
            "route_table_id": "rtb-0ddae57871041dacd",
            "subnet_id": "subnet-0ca916868b05ff144"
          },
          "private": "bnVsbA==",
          "dependencies": [
            "aws_route_table.ha_rtb_priv",
            "aws_subnet.ha_wp_priv1",
            "aws_vpc.hawp"
          ]
        }
      ]
    },
    {
      "mode": "managed",
      "type": "aws_route_table_association",
      "name": "rtb_sub_priv2",
      "provider": "provider[\"registry.terraform.io/hashicorp/aws\"]",
      "instances": [
        {
          "schema_version": 0,
          "attributes": {
            "gateway_id": null,
            "id": "rtbassoc-00e4986a45655a6db",
            "route_table_id": "rtb-0ddae57871041dacd",
            "subnet_id": "subnet-038953b690aab0708"
          },
          "private": "bnVsbA==",
          "dependencies": [
            "aws_route_table.ha_rtb_priv",
            "aws_subnet.ha_wp_priv2",
            "aws_vpc.hawp"
          ]
        }
      ]
    },
    {
      "mode": "managed",
      "type": "aws_route_table_association",
      "name": "rtb_sub_priv3",
      "provider": "provider[\"registry.terraform.io/hashicorp/aws\"]",
      "instances": [
        {
          "schema_version": 0,
          "attributes": {
            "gateway_id": null,
            "id": "rtbassoc-084fbaf4e3d8826e1",
            "route_table_id": "rtb-0ddae57871041dacd",
            "subnet_id": "subnet-035a8ffcb7223c255"
          },
          "private": "bnVsbA==",
          "dependencies": [
            "aws_route_table.ha_rtb_priv",
            "aws_subnet.ha_wp_priv3",
            "aws_vpc.hawp"
          ]
        }
      ]
    },
    {
      "mode": "managed",
      "type": "aws_route_table_association",
      "name": "rtb_sub_pub",
      "provider": "provider[\"registry.terraform.io/hashicorp/aws\"]",
      "instances": [
        {
          "schema_version": 0,
          "attributes": {
            "gateway_id": null,
            "id": "rtbassoc-08cc84ba9e12cf51c",
            "route_table_id": "rtb-0df9b0e62a2d4bab6",
            "subnet_id": "subnet-0425b3d2a3a9a0c4e"
          },
          "private": "bnVsbA==",
          "dependencies": [
            "aws_internet_gateway.gw",
            "aws_route_table.ha_rtb_pub",
            "aws_subnet.ha_wp_pub1",
            "aws_vpc.hawp"
          ]
        }
      ]
    },
    {
      "mode": "managed",
      "type": "aws_route_table_association",
      "name": "rtb_sub_pub2",
      "provider": "provider[\"registry.terraform.io/hashicorp/aws\"]",
      "instances": [
        {
          "schema_version": 0,
          "attributes": {
            "gateway_id": null,
            "id": "rtbassoc-0a8a483dffe39c56b",
            "route_table_id": "rtb-0df9b0e62a2d4bab6",
            "subnet_id": "subnet-0861e15df746d7dfe"
          },
          "private": "bnVsbA==",
          "dependencies": [
            "aws_internet_gateway.gw",
            "aws_route_table.ha_rtb_pub",
            "aws_subnet.ha_wp_pub2",
            "aws_vpc.hawp"
          ]
        }
      ]
    },
    {
      "mode": "managed",
      "type": "aws_route_table_association",
      "name": "rtb_sub_pub3",
      "provider": "provider[\"registry.terraform.io/hashicorp/aws\"]",
      "instances": [
        {
          "schema_version": 0,
          "attributes": {
            "gateway_id": null,
            "id": "rtbassoc-0c32b55bcb52b78b6",
            "route_table_id": "rtb-0df9b0e62a2d4bab6",
            "subnet_id": "subnet-03209511b13e03db5"
          },
          "private": "bnVsbA==",
          "dependencies": [
            "aws_internet_gateway.gw",
            "aws_route_table.ha_rtb_pub",
            "aws_subnet.ha_wp_pub3",
            "aws_vpc.hawp"
          ]
        }
      ]
    },
    {
      "mode": "managed",
      "type": "aws_s3_bucket",
      "name": "ha_s3",
      "provider": "provider[\"registry.terraform.io/hashicorp/aws\"]",
      "instances": [
        {
          "schema_version": 0,
          "attributes": {
            "acceleration_status": "",
            "acl": "public-read",
            "arn": "arn:aws:s3:::roshanjoseph.ml",
            "bucket": "roshanjoseph.ml",
            "bucket_domain_name": "roshanjoseph.ml.s3.amazonaws.com",
            "bucket_prefix": null,
            "bucket_regional_domain_name": "roshanjoseph.ml.s3.amazonaws.com",
            "cors_rule": [],
            "force_destroy": false,
            "grant": [],
            "hosted_zone_id": "Z3AQBSTGFYJSTF",
            "id": "roshanjoseph.ml",
            "lifecycle_rule": [],
            "logging": [],
            "object_lock_configuration": [],
            "policy": "{\"Id\":\"Policy1397632521960\",\"Statement\":[{\"Action\":\"s3:GetObject\",\"Effect\":\"Allow\",\"Principal\":{\"AWS\":\"*\"},\"Resource\":\"arn:aws:s3:::roshanjoseph.ml/*\",\"Sid\":\"Stmt1397633323327\"}],\"Version\":\"2008-10-17\"}",
            "region": "us-east-1",
            "replication_configuration": [],
            "request_payer": "BucketOwner",
            "server_side_encryption_configuration": [],
            "tags": {
              "Environment": "Dev",
              "Name": "roshanjoseph.ml"
            },
            "versioning": [
              {
                "enabled": false,
                "mfa_delete": false
              }
            ],
            "website": [
              {
                "error_document": "error.html",
                "index_document": "index.html",
                "redirect_all_requests_to": "",
                "routing_rules": ""
              }
            ],
            "website_domain": "s3-website-us-east-1.amazonaws.com",
            "website_endpoint": "roshanjoseph.ml.s3-website-us-east-1.amazonaws.com"
          },
          "private": "bnVsbA=="
        }
      ]
    },
    {
      "mode": "managed",
      "type": "aws_s3_bucket_object",
      "name": "uploads_folder",
      "provider": "provider[\"registry.terraform.io/hashicorp/aws\"]",
      "instances": [
        {
          "schema_version": 0,
          "attributes": {
            "acl": "public-read",
            "bucket": "roshanjoseph.ml",
            "cache_control": "",
            "content": null,
            "content_base64": null,
            "content_disposition": "",
            "content_encoding": "",
            "content_language": "",
            "content_type": "application/x-directory",
            "etag": "d41d8cd98f00b204e9800998ecf8427e",
            "force_destroy": false,
            "id": "uploads/",
            "key": "uploads/",
            "kms_key_id": null,
            "metadata": null,
            "object_lock_legal_hold_status": "",
            "object_lock_mode": "",
            "object_lock_retain_until_date": "",
            "server_side_encryption": "",
            "source": null,
            "storage_class": "STANDARD",
            "tags": null,
            "version_id": "",
            "website_redirect": ""
          },
          "private": "bnVsbA==",
          "dependencies": [
            "aws_s3_bucket.ha_s3"
          ]
        }
      ]
    },
    {
      "mode": "managed",
      "type": "aws_security_group",
      "name": "ha_wp_bastion",
      "provider": "provider[\"registry.terraform.io/hashicorp/aws\"]",
      "instances": [
        {
          "schema_version": 1,
          "attributes": {
            "arn": "arn:aws:ec2:us-east-1:060377381042:security-group/sg-05dc1411dcb50a740",
            "description": "Allow Apache inbound traffic",
            "egress": [
              {
                "cidr_blocks": [
                  "0.0.0.0/0"
                ],
                "description": "",
                "from_port": 0,
                "ipv6_cidr_blocks": [],
                "prefix_list_ids": [],
                "protocol": "-1",
                "security_groups": [],
                "self": false,
                "to_port": 0
              }
            ],
            "id": "sg-05dc1411dcb50a740",
            "ingress": [
              {
                "cidr_blocks": [
                  "0.0.0.0/0"
                ],
                "description": "HTTP from VPC",
                "from_port": 80,
                "ipv6_cidr_blocks": [],
                "prefix_list_ids": [],
                "protocol": "tcp",
                "security_groups": [],
                "self": false,
                "to_port": 80
              },
              {
                "cidr_blocks": [
                  "0.0.0.0/0"
                ],
                "description": "SSH from VPC",
                "from_port": 22,
                "ipv6_cidr_blocks": [],
                "prefix_list_ids": [],
                "protocol": "tcp",
                "security_groups": [],
                "self": false,
                "to_port": 22
              },
              {
                "cidr_blocks": [
                  "0.0.0.0/0"
                ],
                "description": "TLS from VPC",
                "from_port": 443,
                "ipv6_cidr_blocks": [],
                "prefix_list_ids": [],
                "protocol": "tcp",
                "security_groups": [],
                "self": false,
                "to_port": 443
              }
            ],
            "name": "allow Apache ports",
            "name_prefix": "",
            "owner_id": "060377381042",
            "revoke_rules_on_delete": false,
            "tags": {
              "Name": "ha_wp_bastion"
            },
            "timeouts": null,
            "vpc_id": "vpc-075b39eab39fc4cb5"
          },
          "private": "eyJlMmJmYjczMC1lY2FhLTExZTYtOGY4OC0zNDM2M2JjN2M0YzAiOnsiY3JlYXRlIjo2MDAwMDAwMDAwMDAsImRlbGV0ZSI6NjAwMDAwMDAwMDAwfSwic2NoZW1hX3ZlcnNpb24iOiIxIn0=",
          "dependencies": [
            "aws_vpc.hawp"
          ],
          "create_before_destroy": true
        }
      ]
    },
    {
      "mode": "managed",
      "type": "aws_security_group",
      "name": "ha_wp_db",
      "provider": "provider[\"registry.terraform.io/hashicorp/aws\"]",
      "instances": [
        {
          "schema_version": 1,
          "attributes": {
            "arn": "arn:aws:ec2:us-east-1:060377381042:security-group/sg-0bed59e8f1fd9d93d",
            "description": "Allow DB inbound traffic",
            "egress": [
              {
                "cidr_blocks": [
                  "0.0.0.0/0"
                ],
                "description": "",
                "from_port": 0,
                "ipv6_cidr_blocks": [],
                "prefix_list_ids": [],
                "protocol": "-1",
                "security_groups": [],
                "self": false,
                "to_port": 0
              }
            ],
            "id": "sg-0bed59e8f1fd9d93d",
            "ingress": [
              {
                "cidr_blocks": [],
                "description": "DB from Website",
                "from_port": 3306,
                "ipv6_cidr_blocks": [],
                "prefix_list_ids": [],
                "protocol": "tcp",
                "security_groups": [
                  "sg-08ae1ac03b168b4cd"
                ],
                "self": false,
                "to_port": 3306
              }
            ],
            "name": "ha_wp_db",
            "name_prefix": "",
            "owner_id": "060377381042",
            "revoke_rules_on_delete": false,
            "tags": {
              "Name": "ha_wp_db"
            },
            "timeouts": null,
            "vpc_id": "vpc-075b39eab39fc4cb5"
          },
          "private": "eyJlMmJmYjczMC1lY2FhLTExZTYtOGY4OC0zNDM2M2JjN2M0YzAiOnsiY3JlYXRlIjo2MDAwMDAwMDAwMDAsImRlbGV0ZSI6NjAwMDAwMDAwMDAwfSwic2NoZW1hX3ZlcnNpb24iOiIxIn0=",
          "dependencies": [
            "aws_security_group.ha_wp_bastion",
            "aws_security_group.ha_wp_site",
            "aws_vpc.hawp"
          ]
        }
      ]
    },
    {
      "mode": "managed",
      "type": "aws_security_group",
      "name": "ha_wp_efs",
      "provider": "provider[\"registry.terraform.io/hashicorp/aws\"]",
      "instances": [
        {
          "schema_version": 1,
          "attributes": {
            "arn": "arn:aws:ec2:us-east-1:060377381042:security-group/sg-07ca2dbd927215a71",
            "description": "Allow EFS inbound traffic",
            "egress": [
              {
                "cidr_blocks": [
                  "0.0.0.0/0"
                ],
                "description": "",
                "from_port": 0,
                "ipv6_cidr_blocks": [],
                "prefix_list_ids": [],
                "protocol": "-1",
                "security_groups": [],
                "self": false,
                "to_port": 0
              }
            ],
            "id": "sg-07ca2dbd927215a71",
            "ingress": [
              {
                "cidr_blocks": [],
                "description": "EFS from Website",
                "from_port": 2049,
                "ipv6_cidr_blocks": [],
                "prefix_list_ids": [],
                "protocol": "tcp",
                "security_groups": [
                  "sg-05dc1411dcb50a740"
                ],
                "self": false,
                "to_port": 2049
              }
            ],
            "name": "ha_wp_efs",
            "name_prefix": "",
            "owner_id": "060377381042",
            "revoke_rules_on_delete": false,
            "tags": {
              "Name": "ha_wp_efs"
            },
            "timeouts": null,
            "vpc_id": "vpc-075b39eab39fc4cb5"
          },
          "private": "eyJlMmJmYjczMC1lY2FhLTExZTYtOGY4OC0zNDM2M2JjN2M0YzAiOnsiY3JlYXRlIjo2MDAwMDAwMDAwMDAsImRlbGV0ZSI6NjAwMDAwMDAwMDAwfSwic2NoZW1hX3ZlcnNpb24iOiIxIn0=",
          "dependencies": [
            "aws_security_group.ha_wp_bastion",
            "aws_vpc.hawp"
          ],
          "create_before_destroy": true
        }
      ]
    },
    {
      "mode": "managed",
      "type": "aws_security_group",
      "name": "ha_wp_site",
      "provider": "provider[\"registry.terraform.io/hashicorp/aws\"]",
      "instances": [
        {
          "schema_version": 1,
          "attributes": {
            "arn": "arn:aws:ec2:us-east-1:060377381042:security-group/sg-08ae1ac03b168b4cd",
            "description": "Allow Apache inbound traffic",
            "egress": [
              {
                "cidr_blocks": [
                  "0.0.0.0/0"
                ],
                "description": "",
                "from_port": 0,
                "ipv6_cidr_blocks": [],
                "prefix_list_ids": [],
                "protocol": "-1",
                "security_groups": [],
                "self": false,
                "to_port": 0
              }
            ],
            "id": "sg-08ae1ac03b168b4cd",
            "ingress": [
              {
                "cidr_blocks": [
                  "0.0.0.0/0"
                ],
                "description": "HTTP from VPC",
                "from_port": 80,
                "ipv6_cidr_blocks": [],
                "prefix_list_ids": [],
                "protocol": "tcp",
                "security_groups": [],
                "self": false,
                "to_port": 80
              },
              {
                "cidr_blocks": [
                  "0.0.0.0/0"
                ],
                "description": "TLS from VPC",
                "from_port": 443,
                "ipv6_cidr_blocks": [],
                "prefix_list_ids": [],
                "protocol": "tcp",
                "security_groups": [],
                "self": false,
                "to_port": 443
              },
              {
                "cidr_blocks": [],
                "description": "SSH from bastion",
                "from_port": 22,
                "ipv6_cidr_blocks": [],
                "prefix_list_ids": [],
                "protocol": "tcp",
                "security_groups": [
                  "sg-05dc1411dcb50a740"
                ],
                "self": false,
                "to_port": 22
              }
            ],
            "name": "ha_wp_site",
            "name_prefix": "",
            "owner_id": "060377381042",
            "revoke_rules_on_delete": false,
            "tags": {
              "Name": "ha_wp_site"
            },
            "timeouts": null,
            "vpc_id": "vpc-075b39eab39fc4cb5"
          },
          "private": "eyJlMmJmYjczMC1lY2FhLTExZTYtOGY4OC0zNDM2M2JjN2M0YzAiOnsiY3JlYXRlIjo2MDAwMDAwMDAwMDAsImRlbGV0ZSI6NjAwMDAwMDAwMDAwfSwic2NoZW1hX3ZlcnNpb24iOiIxIn0=",
          "dependencies": [
            "aws_security_group.ha_wp_bastion",
            "aws_vpc.hawp"
          ],
          "create_before_destroy": true
        }
      ]
    },
    {
      "mode": "managed",
      "type": "aws_subnet",
      "name": "ha_wp_priv1",
      "provider": "provider[\"registry.terraform.io/hashicorp/aws\"]",
      "instances": [
        {
          "schema_version": 1,
          "attributes": {
            "arn": "arn:aws:ec2:us-east-1:060377381042:subnet/subnet-0ca916868b05ff144",
            "assign_ipv6_address_on_creation": false,
            "availability_zone": "us-east-1d",
            "availability_zone_id": "use1-az6",
            "cidr_block": "172.16.128.0/19",
            "id": "subnet-0ca916868b05ff144",
            "ipv6_cidr_block": "",
            "ipv6_cidr_block_association_id": "",
            "map_public_ip_on_launch": false,
            "outpost_arn": "",
            "owner_id": "060377381042",
            "tags": {
              "Name": "ha_wp_priv1"
            },
            "timeouts": null,
            "vpc_id": "vpc-075b39eab39fc4cb5"
          },
          "private": "eyJlMmJmYjczMC1lY2FhLTExZTYtOGY4OC0zNDM2M2JjN2M0YzAiOnsiY3JlYXRlIjo2MDAwMDAwMDAwMDAsImRlbGV0ZSI6MTIwMDAwMDAwMDAwMH0sInNjaGVtYV92ZXJzaW9uIjoiMSJ9",
          "dependencies": [
            "aws_vpc.hawp"
          ]
        }
      ]
    },
    {
      "mode": "managed",
      "type": "aws_subnet",
      "name": "ha_wp_priv2",
      "provider": "provider[\"registry.terraform.io/hashicorp/aws\"]",
      "instances": [
        {
          "schema_version": 1,
          "attributes": {
            "arn": "arn:aws:ec2:us-east-1:060377381042:subnet/subnet-038953b690aab0708",
            "assign_ipv6_address_on_creation": false,
            "availability_zone": "us-east-1e",
            "availability_zone_id": "use1-az3",
            "cidr_block": "172.16.160.0/19",
            "id": "subnet-038953b690aab0708",
            "ipv6_cidr_block": "",
            "ipv6_cidr_block_association_id": "",
            "map_public_ip_on_launch": false,
            "outpost_arn": "",
            "owner_id": "060377381042",
            "tags": {
              "Name": "ha_wp_priv2"
            },
            "timeouts": null,
            "vpc_id": "vpc-075b39eab39fc4cb5"
          },
          "private": "eyJlMmJmYjczMC1lY2FhLTExZTYtOGY4OC0zNDM2M2JjN2M0YzAiOnsiY3JlYXRlIjo2MDAwMDAwMDAwMDAsImRlbGV0ZSI6MTIwMDAwMDAwMDAwMH0sInNjaGVtYV92ZXJzaW9uIjoiMSJ9",
          "dependencies": [
            "aws_vpc.hawp"
          ]
        }
      ]
    },
    {
      "mode": "managed",
      "type": "aws_subnet",
      "name": "ha_wp_priv3",
      "provider": "provider[\"registry.terraform.io/hashicorp/aws\"]",
      "instances": [
        {
          "schema_version": 1,
          "attributes": {
            "arn": "arn:aws:ec2:us-east-1:060377381042:subnet/subnet-035a8ffcb7223c255",
            "assign_ipv6_address_on_creation": false,
            "availability_zone": "us-east-1f",
            "availability_zone_id": "use1-az5",
            "cidr_block": "172.16.192.0/19",
            "id": "subnet-035a8ffcb7223c255",
            "ipv6_cidr_block": "",
            "ipv6_cidr_block_association_id": "",
            "map_public_ip_on_launch": false,
            "outpost_arn": "",
            "owner_id": "060377381042",
            "tags": {
              "Name": "ha_wp_priv3"
            },
            "timeouts": null,
            "vpc_id": "vpc-075b39eab39fc4cb5"
          },
          "private": "eyJlMmJmYjczMC1lY2FhLTExZTYtOGY4OC0zNDM2M2JjN2M0YzAiOnsiY3JlYXRlIjo2MDAwMDAwMDAwMDAsImRlbGV0ZSI6MTIwMDAwMDAwMDAwMH0sInNjaGVtYV92ZXJzaW9uIjoiMSJ9",
          "dependencies": [
            "aws_vpc.hawp"
          ]
        }
      ]
    },
    {
      "mode": "managed",
      "type": "aws_subnet",
      "name": "ha_wp_pub1",
      "provider": "provider[\"registry.terraform.io/hashicorp/aws\"]",
      "instances": [
        {
          "schema_version": 1,
          "attributes": {
            "arn": "arn:aws:ec2:us-east-1:060377381042:subnet/subnet-0425b3d2a3a9a0c4e",
            "assign_ipv6_address_on_creation": false,
            "availability_zone": "us-east-1a",
            "availability_zone_id": "use1-az1",
            "cidr_block": "172.16.32.0/19",
            "id": "subnet-0425b3d2a3a9a0c4e",
            "ipv6_cidr_block": "",
            "ipv6_cidr_block_association_id": "",
            "map_public_ip_on_launch": true,
            "outpost_arn": "",
            "owner_id": "060377381042",
            "tags": {
              "Name": "ha_wp_pub1"
            },
            "timeouts": null,
            "vpc_id": "vpc-075b39eab39fc4cb5"
          },
          "private": "eyJlMmJmYjczMC1lY2FhLTExZTYtOGY4OC0zNDM2M2JjN2M0YzAiOnsiY3JlYXRlIjo2MDAwMDAwMDAwMDAsImRlbGV0ZSI6MTIwMDAwMDAwMDAwMH0sInNjaGVtYV92ZXJzaW9uIjoiMSJ9",
          "dependencies": [
            "aws_vpc.hawp"
          ],
          "create_before_destroy": true
        }
      ]
    },
    {
      "mode": "managed",
      "type": "aws_subnet",
      "name": "ha_wp_pub2",
      "provider": "provider[\"registry.terraform.io/hashicorp/aws\"]",
      "instances": [
        {
          "schema_version": 1,
          "attributes": {
            "arn": "arn:aws:ec2:us-east-1:060377381042:subnet/subnet-0861e15df746d7dfe",
            "assign_ipv6_address_on_creation": false,
            "availability_zone": "us-east-1b",
            "availability_zone_id": "use1-az2",
            "cidr_block": "172.16.64.0/19",
            "id": "subnet-0861e15df746d7dfe",
            "ipv6_cidr_block": "",
            "ipv6_cidr_block_association_id": "",
            "map_public_ip_on_launch": true,
            "outpost_arn": "",
            "owner_id": "060377381042",
            "tags": {
              "Name": "ha_wp_pub2"
            },
            "timeouts": null,
            "vpc_id": "vpc-075b39eab39fc4cb5"
          },
          "private": "eyJlMmJmYjczMC1lY2FhLTExZTYtOGY4OC0zNDM2M2JjN2M0YzAiOnsiY3JlYXRlIjo2MDAwMDAwMDAwMDAsImRlbGV0ZSI6MTIwMDAwMDAwMDAwMH0sInNjaGVtYV92ZXJzaW9uIjoiMSJ9",
          "dependencies": [
            "aws_vpc.hawp"
          ]
        }
      ]
    },
    {
      "mode": "managed",
      "type": "aws_subnet",
      "name": "ha_wp_pub3",
      "provider": "provider[\"registry.terraform.io/hashicorp/aws\"]",
      "instances": [
        {
          "schema_version": 1,
          "attributes": {
            "arn": "arn:aws:ec2:us-east-1:060377381042:subnet/subnet-03209511b13e03db5",
            "assign_ipv6_address_on_creation": false,
            "availability_zone": "us-east-1c",
            "availability_zone_id": "use1-az4",
            "cidr_block": "172.16.96.0/19",
            "id": "subnet-03209511b13e03db5",
            "ipv6_cidr_block": "",
            "ipv6_cidr_block_association_id": "",
            "map_public_ip_on_launch": true,
            "outpost_arn": "",
            "owner_id": "060377381042",
            "tags": {
              "Name": "ha_wp_pub3"
            },
            "timeouts": null,
            "vpc_id": "vpc-075b39eab39fc4cb5"
          },
          "private": "eyJlMmJmYjczMC1lY2FhLTExZTYtOGY4OC0zNDM2M2JjN2M0YzAiOnsiY3JlYXRlIjo2MDAwMDAwMDAwMDAsImRlbGV0ZSI6MTIwMDAwMDAwMDAwMH0sInNjaGVtYV92ZXJzaW9uIjoiMSJ9",
          "dependencies": [
            "aws_vpc.hawp"
          ]
        }
      ]
    },
    {
      "mode": "managed",
      "type": "aws_vpc",
      "name": "hawp",
      "provider": "provider[\"registry.terraform.io/hashicorp/aws\"]",
      "instances": [
        {
          "schema_version": 1,
          "attributes": {
            "arn": "arn:aws:ec2:us-east-1:060377381042:vpc/vpc-075b39eab39fc4cb5",
            "assign_generated_ipv6_cidr_block": false,
            "cidr_block": "172.16.0.0/16",
            "default_network_acl_id": "acl-04455dd0a0fa9ca43",
            "default_route_table_id": "rtb-05d62da5aa0d27533",
            "default_security_group_id": "sg-085654d5520bd96bc",
            "dhcp_options_id": "dopt-89a876f3",
            "enable_classiclink": false,
            "enable_classiclink_dns_support": false,
            "enable_dns_hostnames": true,
            "enable_dns_support": true,
            "id": "vpc-075b39eab39fc4cb5",
            "instance_tenancy": "default",
            "ipv6_association_id": "",
            "ipv6_cidr_block": "",
            "main_route_table_id": "rtb-05d62da5aa0d27533",
            "owner_id": "060377381042",
            "tags": {
              "Name": "ha_wp"
            }
          },
          "private": "eyJzY2hlbWFfdmVyc2lvbiI6IjEifQ==",
          "create_before_destroy": true
        }
      ]
    },
    {
      "mode": "managed",
      "type": "random_shuffle",
      "name": "ha_az",
      "provider": "provider[\"registry.terraform.io/hashicorp/random\"]",
      "instances": [
        {
          "schema_version": 0,
          "attributes": {
            "id": "-",
            "input": [
              "us-east-1d",
              "us-east-1e",
              "us-east-1f"
            ],
            "keepers": null,
            "result": [
              "us-east-1f"
            ],
            "result_count": 1,
            "seed": null
          },
          "private": "bnVsbA=="
        }
      ]
    },
    {
      "mode": "managed",
      "type": "random_shuffle",
      "name": "ha_sub_pub",
      "provider": "provider[\"registry.terraform.io/hashicorp/random\"]",
      "instances": [
        {
          "schema_version": 0,
          "attributes": {
            "id": "-",
            "input": [
              "subnet-0425b3d2a3a9a0c4e",
              "subnet-0425b3d2a3a9a0c4e",
              "subnet-0425b3d2a3a9a0c4e"
            ],
            "keepers": null,
            "result": [
              "subnet-0425b3d2a3a9a0c4e"
            ],
            "result_count": 1,
            "seed": null
          },
          "private": "bnVsbA==",
          "dependencies": [
            "aws_subnet.ha_wp_pub1",
            "aws_vpc.hawp"
          ],
          "create_before_destroy": true
        }
      ]
    }
  ]
}
